// !$*UTF8*$!
{
	archiveVersion = 1;
	classes = {
	};
	objectVersion = 56;
	objects = {

/* Begin PBXBuildFile section */
		F40673CC2A0A433F00CB25F9 /* AppDelegate.swift in Sources */ = {isa = PBXBuildFile; fileRef = F40673CB2A0A433F00CB25F9 /* AppDelegate.swift */; };
		F40673CE2A0A433F00CB25F9 /* SceneDelegate.swift in Sources */ = {isa = PBXBuildFile; fileRef = F40673CD2A0A433F00CB25F9 /* SceneDelegate.swift */; };
		F40673D32A0A433F00CB25F9 /* Main.storyboard in Resources */ = {isa = PBXBuildFile; fileRef = F40673D12A0A433F00CB25F9 /* Main.storyboard */; };
		F40673D52A0A434800CB25F9 /* Assets.xcassets in Resources */ = {isa = PBXBuildFile; fileRef = F40673D42A0A434800CB25F9 /* Assets.xcassets */; };
		F40673D82A0A434800CB25F9 /* LaunchScreen.storyboard in Resources */ = {isa = PBXBuildFile; fileRef = F40673D62A0A434800CB25F9 /* LaunchScreen.storyboard */; };
		F40673F72A0A43BE00CB25F9 /* lobby.png in Resources */ = {isa = PBXBuildFile; fileRef = F40673E12A0A43BE00CB25F9 /* lobby.png */; };
		F40673F82A0A43BE00CB25F9 /* battlebg.png in Resources */ = {isa = PBXBuildFile; fileRef = F40673E22A0A43BE00CB25F9 /* battlebg.png */; };
		F40673F92A0A43BE00CB25F9 /* bgimage.jpg in Resources */ = {isa = PBXBuildFile; fileRef = F40673E32A0A43BE00CB25F9 /* bgimage.jpg */; };
		F40673FA2A0A43BE00CB25F9 /* waku.png in Resources */ = {isa = PBXBuildFile; fileRef = F40673E42A0A43BE00CB25F9 /* waku.png */; };
		F40673FB2A0A43BE00CB25F9 /* gold_button.png in Resources */ = {isa = PBXBuildFile; fileRef = F40673E52A0A43BE00CB25F9 /* gold_button.png */; };
		F40673FC2A0A43BE00CB25F9 /* yusya.png in Resources */ = {isa = PBXBuildFile; fileRef = F40673E62A0A43BE00CB25F9 /* yusya.png */; };
		F40673FD2A0A43BE00CB25F9 /* monster.png in Resources */ = {isa = PBXBuildFile; fileRef = F40673E72A0A43BE00CB25F9 /* monster.png */; };
		F40673FE2A0A43BE00CB25F9 /* TechMonManager.swift in Sources */ = {isa = PBXBuildFile; fileRef = F40673E92A0A43BE00CB25F9 /* TechMonManager.swift */; };
		F40673FF2A0A43BE00CB25F9 /* Character.swift in Sources */ = {isa = PBXBuildFile; fileRef = F40673EA2A0A43BE00CB25F9 /* Character.swift */; };
		F40674002A0A43BE00CB25F9 /* Enemy.swift in Sources */ = {isa = PBXBuildFile; fileRef = F40673EB2A0A43BE00CB25F9 /* Enemy.swift */; };
		F40674012A0A43BE00CB25F9 /* Player.swift in Sources */ = {isa = PBXBuildFile; fileRef = F40673EC2A0A43BE00CB25F9 /* Player.swift */; };
		F40674022A0A43BE00CB25F9 /* SE_fanfare.mp3 in Resources */ = {isa = PBXBuildFile; fileRef = F40673EE2A0A43BE00CB25F9 /* SE_fanfare.mp3 */; };
		F40674032A0A43BE00CB25F9 /* BGM_battle001.mp3 in Resources */ = {isa = PBXBuildFile; fileRef = F40673EF2A0A43BE00CB25F9 /* BGM_battle001.mp3 */; };
		F40674042A0A43BE00CB25F9 /* SE_fire.mp3 in Resources */ = {isa = PBXBuildFile; fileRef = F40673F02A0A43BE00CB25F9 /* SE_fire.mp3 */; };
		F40674052A0A43BE00CB25F9 /* SE_attack.mp3 in Resources */ = {isa = PBXBuildFile; fileRef = F40673F12A0A43BE00CB25F9 /* SE_attack.mp3 */; };
		F40674062A0A43BE00CB25F9 /* SE_gameover.mp3 in Resources */ = {isa = PBXBuildFile; fileRef = F40673F22A0A43BE00CB25F9 /* SE_gameover.mp3 */; };
		F40674072A0A43BE00CB25F9 /* SE_charge.mp3 in Resources */ = {isa = PBXBuildFile; fileRef = F40673F32A0A43BE00CB25F9 /* SE_charge.mp3 */; };
		F40674082A0A43BE00CB25F9 /* lobby.mp3 in Resources */ = {isa = PBXBuildFile; fileRef = F40673F42A0A43BE00CB25F9 /* lobby.mp3 */; };
		F40674092A0A43BE00CB25F9 /* misaki_gothic.ttf in Resources */ = {isa = PBXBuildFile; fileRef = F40673F62A0A43BE00CB25F9 /* misaki_gothic.ttf */; };
		F406740B2A0A4E1A00CB25F9 /* LobbyViewController.swift in Sources */ = {isa = PBXBuildFile; fileRef = F406740A2A0A4E1A00CB25F9 /* LobbyViewController.swift */; };
		F406740D2A0A4E2D00CB25F9 /* BattleViewController.swift in Sources */ = {isa = PBXBuildFile; fileRef = F406740C2A0A4E2D00CB25F9 /* BattleViewController.swift */; };
/* End PBXBuildFile section */

/* Begin PBXFileReference section */
		F40673C82A0A433F00CB25F9 /* TechMon.app */ = {isa = PBXFileReference; explicitFileType = wrapper.application; includeInIndex = 0; path = TechMon.app; sourceTree = BUILT_PRODUCTS_DIR; };
		F40673CB2A0A433F00CB25F9 /* AppDelegate.swift */ = {isa = PBXFileReference; lastKnownFileType = sourcecode.swift; path = AppDelegate.swift; sourceTree = "<group>"; };
		F40673CD2A0A433F00CB25F9 /* SceneDelegate.swift */ = {isa = PBXFileReference; lastKnownFileType = sourcecode.swift; path = SceneDelegate.swift; sourceTree = "<group>"; };
		F40673D22A0A433F00CB25F9 /* Base */ = {isa = PBXFileReference; lastKnownFileType = file.storyboard; name = Base; path = Base.lproj/Main.storyboard; sourceTree = "<group>"; };
		F40673D42A0A434800CB25F9 /* Assets.xcassets */ = {isa = PBXFileReference; lastKnownFileType = folder.assetcatalog; path = Assets.xcassets; sourceTree = "<group>"; };
		F40673D72A0A434800CB25F9 /* Base */ = {isa = PBXFileReference; lastKnownFileType = file.storyboard; name = Base; path = Base.lproj/LaunchScreen.storyboard; sourceTree = "<group>"; };
		F40673D92A0A434800CB25F9 /* Info.plist */ = {isa = PBXFileReference; lastKnownFileType = text.plist.xml; path = Info.plist; sourceTree = "<group>"; };
		F40673E12A0A43BE00CB25F9 /* lobby.png */ = {isa = PBXFileReference; lastKnownFileType = image.png; path = lobby.png; sourceTree = "<group>"; };
		F40673E22A0A43BE00CB25F9 /* battlebg.png */ = {isa = PBXFileReference; lastKnownFileType = image.png; path = battlebg.png; sourceTree = "<group>"; };
		F40673E32A0A43BE00CB25F9 /* bgimage.jpg */ = {isa = PBXFileReference; lastKnownFileType = image.jpeg; path = bgimage.jpg; sourceTree = "<group>"; };
		F40673E42A0A43BE00CB25F9 /* waku.png */ = {isa = PBXFileReference; lastKnownFileType = image.png; path = waku.png; sourceTree = "<group>"; };
		F40673E52A0A43BE00CB25F9 /* gold_button.png */ = {isa = PBXFileReference; lastKnownFileType = image.png; path = gold_button.png; sourceTree = "<group>"; };
		F40673E62A0A43BE00CB25F9 /* yusya.png */ = {isa = PBXFileReference; lastKnownFileType = image.png; path = yusya.png; sourceTree = "<group>"; };
		F40673E72A0A43BE00CB25F9 /* monster.png */ = {isa = PBXFileReference; lastKnownFileType = image.png; path = monster.png; sourceTree = "<group>"; };
		F40673E92A0A43BE00CB25F9 /* TechMonManager.swift */ = {isa = PBXFileReference; fileEncoding = 4; lastKnownFileType = sourcecode.swift; path = TechMonManager.swift; sourceTree = "<group>"; };
		F40673EA2A0A43BE00CB25F9 /* Character.swift */ = {isa = PBXFileReference; fileEncoding = 4; lastKnownFileType = sourcecode.swift; path = Character.swift; sourceTree = "<group>"; };
		F40673EB2A0A43BE00CB25F9 /* Enemy.swift */ = {isa = PBXFileReference; fileEncoding = 4; lastKnownFileType = sourcecode.swift; path = Enemy.swift; sourceTree = "<group>"; };
		F40673EC2A0A43BE00CB25F9 /* Player.swift */ = {isa = PBXFileReference; fileEncoding = 4; lastKnownFileType = sourcecode.swift; path = Player.swift; sourceTree = "<group>"; };
		F40673EE2A0A43BE00CB25F9 /* SE_fanfare.mp3 */ = {isa = PBXFileReference; lastKnownFileType = audio.mp3; path = SE_fanfare.mp3; sourceTree = "<group>"; };
		F40673EF2A0A43BE00CB25F9 /* BGM_battle001.mp3 */ = {isa = PBXFileReference; lastKnownFileType = audio.mp3; path = BGM_battle001.mp3; sourceTree = "<group>"; };
		F40673F02A0A43BE00CB25F9 /* SE_fire.mp3 */ = {isa = PBXFileReference; lastKnownFileType = audio.mp3; path = SE_fire.mp3; sourceTree = "<group>"; };
		F40673F12A0A43BE00CB25F9 /* SE_attack.mp3 */ = {isa = PBXFileReference; lastKnownFileType = audio.mp3; path = SE_attack.mp3; sourceTree = "<group>"; };
		F40673F22A0A43BE00CB25F9 /* SE_gameover.mp3 */ = {isa = PBXFileReference; lastKnownFileType = audio.mp3; path = SE_gameover.mp3; sourceTree = "<group>"; };
		F40673F32A0A43BE00CB25F9 /* SE_charge.mp3 */ = {isa = PBXFileReference; lastKnownFileType = audio.mp3; path = SE_charge.mp3; sourceTree = "<group>"; };
		F40673F42A0A43BE00CB25F9 /* lobby.mp3 */ = {isa = PBXFileReference; lastKnownFileType = audio.mp3; path = lobby.mp3; sourceTree = "<group>"; };
		F40673F62A0A43BE00CB25F9 /* misaki_gothic.ttf */ = {isa = PBXFileReference; lastKnownFileType = file; path = misaki_gothic.ttf; sourceTree = "<group>"; };
		F406740A2A0A4E1A00CB25F9 /* LobbyViewController.swift */ = {isa = PBXFileReference; lastKnownFileType = sourcecode.swift; path = LobbyViewController.swift; sourceTree = "<group>"; };
		F406740C2A0A4E2D00CB25F9 /* BattleViewController.swift */ = {isa = PBXFileReference; lastKnownFileType = sourcecode.swift; path = BattleViewController.swift; sourceTree = "<group>"; };
/* End PBXFileReference section */

/* Begin PBXFrameworksBuildPhase section */
		F40673C52A0A433F00CB25F9 /* Frameworks */ = {
			isa = PBXFrameworksBuildPhase;
			buildActionMask = 2147483647;
			files = (
			);
			runOnlyForDeploymentPostprocessing = 0;
		};
/* End PBXFrameworksBuildPhase section */

/* Begin PBXGroup section */
		F40673BF2A0A433F00CB25F9 = {
			isa = PBXGroup;
			children = (
				F40673CA2A0A433F00CB25F9 /* TechMon */,
				F40673C92A0A433F00CB25F9 /* Products */,
			);
			sourceTree = "<group>";
		};
		F40673C92A0A433F00CB25F9 /* Products */ = {
			isa = PBXGroup;
			children = (
				F40673C82A0A433F00CB25F9 /* TechMon.app */,
			);
			name = Products;
			sourceTree = "<group>";
		};
		F40673CA2A0A433F00CB25F9 /* TechMon */ = {
			isa = PBXGroup;
			children = (
				F40673DF2A0A43BE00CB25F9 /* TechMon_Resources */,
				F40673CB2A0A433F00CB25F9 /* AppDelegate.swift */,
				F40673CD2A0A433F00CB25F9 /* SceneDelegate.swift */,
				F40673D12A0A433F00CB25F9 /* Main.storyboard */,
				F40673D42A0A434800CB25F9 /* Assets.xcassets */,
				F40673D62A0A434800CB25F9 /* LaunchScreen.storyboard */,
				F40673D92A0A434800CB25F9 /* Info.plist */,
				F406740A2A0A4E1A00CB25F9 /* LobbyViewController.swift */,
				F406740C2A0A4E2D00CB25F9 /* BattleViewController.swift */,
			);
			path = TechMon;
			sourceTree = "<group>";
		};
		F40673DF2A0A43BE00CB25F9 /* TechMon_Resources */ = {
			isa = PBXGroup;
			children = (
				F40673E02A0A43BE00CB25F9 /* Images */,
				F40673E82A0A43BE00CB25F9 /* Models */,
				F40673ED2A0A43BE00CB25F9 /* Sounds */,
				F40673F52A0A43BE00CB25F9 /* Fonts */,
			);
			path = TechMon_Resources;
			sourceTree = "<group>";
		};
		F40673E02A0A43BE00CB25F9 /* Images */ = {
			isa = PBXGroup;
			children = (
				F40673E12A0A43BE00CB25F9 /* lobby.png */,
				F40673E22A0A43BE00CB25F9 /* battlebg.png */,
				F40673E32A0A43BE00CB25F9 /* bgimage.jpg */,
				F40673E42A0A43BE00CB25F9 /* waku.png */,
				F40673E52A0A43BE00CB25F9 /* gold_button.png */,
				F40673E62A0A43BE00CB25F9 /* yusya.png */,
				F40673E72A0A43BE00CB25F9 /* monster.png */,
			);
			path = Images;
			sourceTree = "<group>";
		};
		F40673E82A0A43BE00CB25F9 /* Models */ = {
			isa = PBXGroup;
			children = (
				F40673E92A0A43BE00CB25F9 /* TechMonManager.swift */,
				F40673EA2A0A43BE00CB25F9 /* Character.swift */,
				F40673EB2A0A43BE00CB25F9 /* Enemy.swift */,
				F40673EC2A0A43BE00CB25F9 /* Player.swift */,
			);
			path = Models;
			sourceTree = "<group>";
		};
		F40673ED2A0A43BE00CB25F9 /* Sounds */ = {
			isa = PBXGroup;
			children = (
				F40673EE2A0A43BE00CB25F9 /* SE_fanfare.mp3 */,
				F40673EF2A0A43BE00CB25F9 /* BGM_battle001.mp3 */,
				F40673F02A0A43BE00CB25F9 /* SE_fire.mp3 */,
				F40673F12A0A43BE00CB25F9 /* SE_attack.mp3 */,
				F40673F22A0A43BE00CB25F9 /* SE_gameover.mp3 */,
				F40673F32A0A43BE00CB25F9 /* SE_charge.mp3 */,
				F40673F42A0A43BE00CB25F9 /* lobby.mp3 */,
			);
			path = Sounds;
			sourceTree = "<group>";
		};
		F40673F52A0A43BE00CB25F9 /* Fonts */ = {
			isa = PBXGroup;
			children = (
				F40673F62A0A43BE00CB25F9 /* misaki_gothic.ttf */,
			);
			path = Fonts;
			sourceTree = "<group>";
		};
/* End PBXGroup section */

/* Begin PBXNativeTarget section */
		F40673C72A0A433F00CB25F9 /* TechMon */ = {
			isa = PBXNativeTarget;
			buildConfigurationList = F40673DC2A0A434800CB25F9 /* Build configuration list for PBXNativeTarget "TechMon" */;
			buildPhases = (
				F40673C42A0A433F00CB25F9 /* Sources */,
				F40673C52A0A433F00CB25F9 /* Frameworks */,
				F40673C62A0A433F00CB25F9 /* Resources */,
			);
			buildRules = (
			);
			dependencies = (
			);
			name = TechMon;
			productName = TechMon;
			productReference = F40673C82A0A433F00CB25F9 /* TechMon.app */;
			productType = "com.apple.product-type.application";
		};
/* End PBXNativeTarget section */

/* Begin PBXProject section */
		F40673C02A0A433F00CB25F9 /* Project object */ = {
			isa = PBXProject;
			attributes = {
				BuildIndependentTargetsInParallel = 1;
				LastSwiftUpdateCheck = 1430;
				LastUpgradeCheck = 1430;
				TargetAttributes = {
					F40673C72A0A433F00CB25F9 = {
						CreatedOnToolsVersion = 14.3;
					};
				};
			};
			buildConfigurationList = F40673C32A0A433F00CB25F9 /* Build configuration list for PBXProject "TechMon" */;
			compatibilityVersion = "Xcode 14.0";
			developmentRegion = en;
			hasScannedForEncodings = 0;
			knownRegions = (
				en,
				Base,
			);
			mainGroup = F40673BF2A0A433F00CB25F9;
			productRefGroup = F40673C92A0A433F00CB25F9 /* Products */;
			projectDirPath = "";
			projectRoot = "";
			targets = (
				F40673C72A0A433F00CB25F9 /* TechMon */,
			);
		};
/* End PBXProject section */

/* Begin PBXResourcesBuildPhase section */
		F40673C62A0A433F00CB25F9 /* Resources */ = {
			isa = PBXResourcesBuildPhase;
			buildActionMask = 2147483647;
			files = (
				F40673FC2A0A43BE00CB25F9 /* yusya.png in Resources */,
				F40673F92A0A43BE00CB25F9 /* bgimage.jpg in Resources */,
				F40673FA2A0A43BE00CB25F9 /* waku.png in Resources */,
				F40674022A0A43BE00CB25F9 /* SE_fanfare.mp3 in Resources */,
				F40673F72A0A43BE00CB25F9 /* lobby.png in Resources */,
				F40673FB2A0A43BE00CB25F9 /* gold_button.png in Resources */,
				F40674052A0A43BE00CB25F9 /* SE_attack.mp3 in Resources */,
				F40673D82A0A434800CB25F9 /* LaunchScreen.storyboard in Resources */,
				F40674082A0A43BE00CB25F9 /* lobby.mp3 in Resources */,
				F40673D52A0A434800CB25F9 /* Assets.xcassets in Resources */,
				F40674092A0A43BE00CB25F9 /* misaki_gothic.ttf in Resources */,
				F40674062A0A43BE00CB25F9 /* SE_gameover.mp3 in Resources */,
				F40673F82A0A43BE00CB25F9 /* battlebg.png in Resources */,
				F40674032A0A43BE00CB25F9 /* BGM_battle001.mp3 in Resources */,
				F40674072A0A43BE00CB25F9 /* SE_charge.mp3 in Resources */,
				F40674042A0A43BE00CB25F9 /* SE_fire.mp3 in Resources */,
				F40673FD2A0A43BE00CB25F9 /* monster.png in Resources */,
				F40673D32A0A433F00CB25F9 /* Main.storyboard in Resources */,
			);
			runOnlyForDeploymentPostprocessing = 0;
		};
/* End PBXResourcesBuildPhase section */

/* Begin PBXSourcesBuildPhase section */
		F40673C42A0A433F00CB25F9 /* Sources */ = {
			isa = PBXSourcesBuildPhase;
			buildActionMask = 2147483647;
			files = (
				F40673FE2A0A43BE00CB25F9 /* TechMonManager.swift in Sources */,
				F40674002A0A43BE00CB25F9 /* Enemy.swift in Sources */,
				F406740B2A0A4E1A00CB25F9 /* LobbyViewController.swift in Sources */,
				F40673FF2A0A43BE00CB25F9 /* Character.swift in Sources */,
				F40674012A0A43BE00CB25F9 /* Player.swift in Sources */,
				F406740D2A0A4E2D00CB25F9 /* BattleViewController.swift in Sources */,
				F40673CC2A0A433F00CB25F9 /* AppDelegate.swift in Sources */,
				F40673CE2A0A433F00CB25F9 /* SceneDelegate.swift in Sources */,
			);
			runOnlyForDeploymentPostprocessing = 0;
		};
/* End PBXSourcesBuildPhase section */

/* Begin PBXVariantGroup section */
		F40673D12A0A433F00CB25F9 /* Main.storyboard */ = {
			isa = PBXVariantGroup;
			children = (
				F40673D22A0A433F00CB25F9 /* Base */,
			);
			name = Main.storyboard;
			sourceTree = "<group>";
		};
		F40673D62A0A434800CB25F9 /* LaunchScreen.storyboard */ = {
			isa = PBXVariantGroup;
			children = (
				F40673D72A0A434800CB25F9 /* Base */,
			);
			name = LaunchScreen.storyboard;
			sourceTree = "<group>";
		};
/* End PBXVariantGroup section */

/* Begin XCBuildConfiguration section */
		F40673DA2A0A434800CB25F9 /* Debug */ = {
			isa = XCBuildConfiguration;
			buildSettings = {
				ALWAYS_SEARCH_USER_PATHS = NO;
				CLANG_ANALYZER_NONNULL = YES;
				CLANG_ANALYZER_NUMBER_OBJECT_CONVERSION = YES_AGGRESSIVE;
				CLANG_CXX_LANGUAGE_STANDARD = "gnu++20";
				CLANG_ENABLE_MODULES = YES;
				CLANG_ENABLE_OBJC_ARC = YES;
				CLANG_ENABLE_OBJC_WEAK = YES;
				CLANG_WARN_BLOCK_CAPTURE_AUTORELEASING = YES;
				CLANG_WARN_BOOL_CONVERSION = YES;
				CLANG_WARN_COMMA = YES;
				CLANG_WARN_CONSTANT_CONVERSION = YES;
				CLANG_WARN_DEPRECATED_OBJC_IMPLEMENTATIONS = YES;
				CLANG_WARN_DIRECT_OBJC_ISA_USAGE = YES_ERROR;
				CLANG_WARN_DOCUMENTATION_COMMENTS = YES;
				CLANG_WARN_EMPTY_BODY = YES;
				CLANG_WARN_ENUM_CONVERSION = YES;
				CLANG_WARN_INFINITE_RECURSION = YES;
				CLANG_WARN_INT_CONVERSION = YES;
				CLANG_WARN_NON_LITERAL_NULL_CONVERSION = YES;
				CLANG_WARN_OBJC_IMPLICIT_RETAIN_SELF = YES;
				CLANG_WARN_OBJC_LITERAL_CONVERSION = YES;
				CLANG_WARN_OBJC_ROOT_CLASS = YES_ERROR;
				CLANG_WARN_QUOTED_INCLUDE_IN_FRAMEWORK_HEADER = YES;
				CLANG_WARN_RANGE_LOOP_ANALYSIS = YES;
				CLANG_WARN_STRICT_PROTOTYPES = YES;
				CLANG_WARN_SUSPICIOUS_MOVE = YES;
				CLANG_WARN_UNGUARDED_AVAILABILITY = YES_AGGRESSIVE;
				CLANG_WARN_UNREACHABLE_CODE = YES;
				CLANG_WARN__DUPLICATE_METHOD_MATCH = YES;
				COPY_PHASE_STRIP = NO;
				DEBUG_INFORMATION_FORMAT = dwarf;
				ENABLE_STRICT_OBJC_MSGSEND = YES;
				ENABLE_TESTABILITY = YES;
				GCC_C_LANGUAGE_STANDARD = gnu11;
				GCC_DYNAMIC_NO_PIC = NO;
				GCC_NO_COMMON_BLOCKS = YES;
				GCC_OPTIMIZATION_LEVEL = 0;
				GCC_PREPROCESSOR_DEFINITIONS = (
					"DEBUG=1",
					"$(inherited)",
				);
				GCC_WARN_64_TO_32_BIT_CONVERSION = YES;
				GCC_WARN_ABOUT_RETURN_TYPE = YES_ERROR;
				GCC_WARN_UNDECLARED_SELECTOR = YES;
				GCC_WARN_UNINITIALIZED_AUTOS = YES_AGGRESSIVE;
				GCC_WARN_UNUSED_FUNCTION = YES;
				GCC_WARN_UNUSED_VARIABLE = YES;
				IPHONEOS_DEPLOYMENT_TARGET = 16.4;
				MTL_ENABLE_DEBUG_INFO = INCLUDE_SOURCE;
				MTL_FAST_MATH = YES;
				ONLY_ACTIVE_ARCH = YES;
				SDKROOT = iphoneos;
				SWIFT_ACTIVE_COMPILATION_CONDITIONS = DEBUG;
				SWIFT_OPTIMIZATION_LEVEL = "-Onone";
			};
			name = Debug;
		};
		F40673DB2A0A434800CB25F9 /* Release */ = {
			isa = XCBuildConfiguration;
			buildSettings = {
				ALWAYS_SEARCH_USER_PATHS = NO;
				CLANG_ANALYZER_NONNULL = YES;
				CLANG_ANALYZER_NUMBER_OBJECT_CONVERSION = YES_AGGRESSIVE;
				CLANG_CXX_LANGUAGE_STANDARD = "gnu++20";
				CLANG_ENABLE_MODULES = YES;
				CLANG_ENABLE_OBJC_ARC = YES;
				CLANG_ENABLE_OBJC_WEAK = YES;
				CLANG_WARN_BLOCK_CAPTURE_AUTORELEASING = YES;
				CLANG_WARN_BOOL_CONVERSION = YES;
				CLANG_WARN_COMMA = YES;
				CLANG_WARN_CONSTANT_CONVERSION = YES;
				CLANG_WARN_DEPRECATED_OBJC_IMPLEMENTATIONS = YES;
				CLANG_WARN_DIRECT_OBJC_ISA_USAGE = YES_ERROR;
				CLANG_WARN_DOCUMENTATION_COMMENTS = YES;
				CLANG_WARN_EMPTY_BODY = YES;
				CLANG_WARN_ENUM_CONVERSION = YES;
				CLANG_WARN_INFINITE_RECURSION = YES;
				CLANG_WARN_INT_CONVERSION = YES;
				CLANG_WARN_NON_LITERAL_NULL_CONVERSION = YES;
				CLANG_WARN_OBJC_IMPLICIT_RETAIN_SELF = YES;
				CLANG_WARN_OBJC_LITERAL_CONVERSION = YES;
				CLANG_WARN_OBJC_ROOT_CLASS = YES_ERROR;
				CLANG_WARN_QUOTED_INCLUDE_IN_FRAMEWORK_HEADER = YES;
				CLANG_WARN_RANGE_LOOP_ANALYSIS = YES;
				CLANG_WARN_STRICT_PROTOTYPES = YES;
				CLANG_WARN_SUSPICIOUS_MOVE = YES;
				CLANG_WARN_UNGUARDED_AVAILABILITY = YES_AGGRESSIVE;
				CLANG_WARN_UNREACHABLE_CODE = YES;
				CLANG_WARN__DUPLICATE_METHOD_MATCH = YES;
				COPY_PHASE_STRIP = NO;
				DEBUG_INFORMATION_FORMAT = "dwarf-with-dsym";
				ENABLE_NS_ASSERTIONS = NO;
				ENABLE_STRICT_OBJC_MSGSEND = YES;
				GCC_C_LANGUAGE_STANDARD = gnu11;
				GCC_NO_COMMON_BLOCKS = YES;
				GCC_WARN_64_TO_32_BIT_CONVERSION = YES;
				GCC_WARN_ABOUT_RETURN_TYPE = YES_ERROR;
				GCC_WARN_UNDECLARED_SELECTOR = YES;
				GCC_WARN_UNINITIALIZED_AUTOS = YES_AGGRESSIVE;
				GCC_WARN_UNUSED_FUNCTION = YES;
				GCC_WARN_UNUSED_VARIABLE = YES;
				IPHONEOS_DEPLOYMENT_TARGET = 16.4;
				MTL_ENABLE_DEBUG_INFO = NO;
				MTL_FAST_MATH = YES;
				SDKROOT = iphoneos;
				SWIFT_COMPILATION_MODE = wholemodule;
				SWIFT_OPTIMIZATION_LEVEL = "-O";
				VALIDATE_PRODUCT = YES;
			};
			name = Release;
		};
		F40673DD2A0A434800CB25F9 /* Debug */ = {
			isa = XCBuildConfiguration;
			buildSettings = {
				ASSETCATALOG_COMPILER_APPICON_NAME = AppIcon;
				ASSETCATALOG_COMPILER_GLOBAL_ACCENT_COLOR_NAME = AccentColor;
				CODE_SIGN_STYLE = Automatic;
				CURRENT_PROJECT_VERSION = 1;
				GENERATE_INFOPLIST_FILE = YES;
				INFOPLIST_FILE = TechMon/Info.plist;
				INFOPLIST_KEY_UIApplicationSupportsIndirectInputEvents = YES;
				INFOPLIST_KEY_UILaunchStoryboardName = LaunchScreen;
				INFOPLIST_KEY_UIMainStoryboardFile = Main;
				INFOPLIST_KEY_UISupportedInterfaceOrientations_iPad = "UIInterfaceOrientationPortrait UIInterfaceOrientationPortraitUpsideDown UIInterfaceOrientationLandscapeLeft UIInterfaceOrientationLandscapeRight";
				INFOPLIST_KEY_UISupportedInterfaceOrientations_iPhone = "UIInterfaceOrientationPortrait UIInterfaceOrientationLandscapeLeft UIInterfaceOrientationLandscapeRight";
				LD_RUNPATH_SEARCH_PATHS = (
					"$(inherited)",
					"@executable_path/Frameworks",
				);
				MARKETING_VERSION = 1.0;
				PRODUCT_BUNDLE_IDENTIFIER = app.wada.wadachi.TechMon;
				PRODUCT_NAME = "$(TARGET_NAME)";
				SWIFT_EMIT_LOC_STRINGS = YES;
				SWIFT_VERSION = 5.0;
				TARGETED_DEVICE_FAMILY = "1,2";
			};
			name = Debug;
		};
		F40673DE2A0A434800CB25F9 /* Release */ = {
			isa = XCBuildConfiguration;
			buildSettings = {
				ASSETCATALOG_COMPILER_APPICON_NAME = AppIcon;
				ASSETCATALOG_COMPILER_GLOBAL_ACCENT_COLOR_NAME = AccentColor;
				CODE_SIGN_STYLE = Automatic;
				CURRENT_PROJECT_VERSION = 1;
				GENERATE_INFOPLIST_FILE = YES;
				INFOPLIST_FILE = TechMon/Info.plist;
				INFOPLIST_KEY_UIApplicationSupportsIndirectInputEvents = YES;
				INFOPLIST_KEY_UILaunchStoryboardName = LaunchScreen;
				INFOPLIST_KEY_UIMainStoryboardFile = Main;
				INFOPLIST_KEY_UISupportedInterfaceOrientations_iPad = "UIInterfaceOrientationPortrait UIInterfaceOrientationPortraitUpsideDown UIInterfaceOrientationLandscapeLeft UIInterfaceOrientationLandscapeRight";
				INFOPLIST_KEY_UISupportedInterfaceOrientations_iPhone = "UIInterfaceOrientationPortrait UIInterfaceOrientationLandscapeLeft UIInterfaceOrientationLandscapeRight";
				LD_RUNPATH_SEARCH_PATHS = (
					"$(inherited)",
					"@executable_path/Frameworks",
				);
				MARKETING_VERSION = 1.0;
				PRODUCT_BUNDLE_IDENTIFIER = app.wada.wadachi.TechMon;
				PRODUCT_NAME = "$(TARGET_NAME)";
				SWIFT_EMIT_LOC_STRINGS = YES;
				SWIFT_VERSION = 5.0;
				TARGETED_DEVICE_FAMILY = "1,2";
			};
			name = Release;
		};
/* End XCBuildConfiguration section */

/* Begin XCConfigurationList section */
		F40673C32A0A433F00CB25F9 /* Build configuration list for PBXProject "TechMon" */ = {
			isa = XCConfigurationList;
			buildConfigurations = (
				F40673DA2A0A434800CB25F9 /* Debug */,
				F40673DB2A0A434800CB25F9 /* Release */,
			);
			defaultConfigurationIsVisible = 0;
			defaultConfigurationName = Release;
		};
		F40673DC2A0A434800CB25F9 /* Build configuration list for PBXNativeTarget "TechMon" */ = {
			isa = XCConfigurationList;
			buildConfigurations = (
				F40673DD2A0A434800CB25F9 /* Debug */,
				F40673DE2A0A434800CB25F9 /* Release */,
			);
			defaultConfigurationIsVisible = 0;
			defaultConfigurationName = Release;
		};
/* End XCConfigurationList section */
	};
	rootObject = F40673C02A0A433F00CB25F9 /* Project object */;
}
